
Microsoft Visual Studio Solution File, Format Version 12.00
# Visual Studio 15
VisualStudioVersion = 15.0.26014.0
MinimumVisualStudioVersion = 10.0.40219.1
Project("{FAE04EC0-301F-11D3-BF4B-00C04F79EFBC}") = "fCraft", "fCraft\fCraft.csproj", "{7FBE7809-6F77-415C-ABEB-A3F627E817B0}"
EndProject
Project("{FAE04EC0-301F-11D3-BF4B-00C04F79EFBC}") = "ServerCLI", "ServerCLI\ServerCLI.csproj", "{315FB33C-6C57-4A89-ABFB-C083F2015880}"
EndProject
Project("{FAE04EC0-301F-11D3-BF4B-00C04F79EFBC}") = "UpdateBuilder", "UpdaterBuilder\UpdateBuilder.csproj", "{E5719EAF-5ECF-4BBD-842B-39DDFBCE8FE7}"
	ProjectSection(ProjectDependencies) = postProject
		{315FB33C-6C57-4A89-ABFB-C083F2015880} = {315FB33C-6C57-4A89-ABFB-C083F2015880}
		{7FBE7809-6F77-415C-ABEB-A3F627E817B0} = {7FBE7809-6F77-415C-ABEB-A3F627E817B0}
	EndProjectSection
EndProject
Project("{FAE04EC0-301F-11D3-BF4B-00C04F79EFBC}") = "GemsCraftGUI", "GemsCraftGUI\GemsCraftGUI.csproj", "{00043365-F6E0-4F6C-90C3-15B0674A9A39}"
EndProject
Project("{FAE04EC0-301F-11D3-BF4B-00C04F79EFBC}") = "HeartbeatSaver", "Heartbeat\HeartbeatSaver.csproj", "{1A6CE637-BBAD-4DB5-B19B-59625D632E44}"
EndProject
Project("{FAE04EC0-301F-11D3-BF4B-00C04F79EFBC}") = "GemsCraft On the Go", "GemsCraft On the Go\GemsCraft On the Go.csproj", "{5C965DF9-0B6E-42CE-B377-61AB92A5FF5B}"
EndProject
Project("{FAE04EC0-301F-11D3-BF4B-00C04F79EFBC}") = "OnTheGo Test CLI", "OnTheGo Test CLI\OnTheGo Test CLI.csproj", "{FF4C22B2-EFB4-4C92-9608-6F24E8220D1E}"
EndProject
Global
	GlobalSection(SolutionConfigurationPlatforms) = preSolution
		Debug_Events|Any CPU = Debug_Events|Any CPU
		Debug_Events|Mixed Platforms = Debug_Events|Mixed Platforms
		Debug_Events|x86 = Debug_Events|x86
		Debug_IRC|Any CPU = Debug_IRC|Any CPU
		Debug_IRC|Mixed Platforms = Debug_IRC|Mixed Platforms
		Debug_IRC|x86 = Debug_IRC|x86
		Debug_Scheduler|Any CPU = Debug_Scheduler|Any CPU
		Debug_Scheduler|Mixed Platforms = Debug_Scheduler|Mixed Platforms
		Debug_Scheduler|x86 = Debug_Scheduler|x86
		Debug|Any CPU = Debug|Any CPU
		Debug|Mixed Platforms = Debug|Mixed Platforms
		Debug|x86 = Debug|x86
		Release|Any CPU = Release|Any CPU
		Release|Mixed Platforms = Release|Mixed Platforms
		Release|x86 = Release|x86
	EndGlobalSection
	GlobalSection(ProjectConfigurationPlatforms) = postSolution
		{7FBE7809-6F77-415C-ABEB-A3F627E817B0}.Debug_Events|Any CPU.ActiveCfg = Debug_Events|Any CPU
		{7FBE7809-6F77-415C-ABEB-A3F627E817B0}.Debug_Events|Any CPU.Build.0 = Debug_Events|Any CPU
		{7FBE7809-6F77-415C-ABEB-A3F627E817B0}.Debug_Events|Mixed Platforms.ActiveCfg = Debug_Events|Any CPU
		{7FBE7809-6F77-415C-ABEB-A3F627E817B0}.Debug_Events|Mixed Platforms.Build.0 = Debug_Events|Any CPU
		{7FBE7809-6F77-415C-ABEB-A3F627E817B0}.Debug_Events|x86.ActiveCfg = Debug_Events|Any CPU
		{7FBE7809-6F77-415C-ABEB-A3F627E817B0}.Debug_IRC|Any CPU.ActiveCfg = Debug_IRC|Any CPU
		{7FBE7809-6F77-415C-ABEB-A3F627E817B0}.Debug_IRC|Any CPU.Build.0 = Debug_IRC|Any CPU
		{7FBE7809-6F77-415C-ABEB-A3F627E817B0}.Debug_IRC|Mixed Platforms.ActiveCfg = Debug_IRC|Any CPU
		{7FBE7809-6F77-415C-ABEB-A3F627E817B0}.Debug_IRC|Mixed Platforms.Build.0 = Debug_IRC|Any CPU
		{7FBE7809-6F77-415C-ABEB-A3F627E817B0}.Debug_IRC|x86.ActiveCfg = Debug_IRC|Any CPU
		{7FBE7809-6F77-415C-ABEB-A3F627E817B0}.Debug_Scheduler|Any CPU.ActiveCfg = Debug_Scheduler|Any CPU
		{7FBE7809-6F77-415C-ABEB-A3F627E817B0}.Debug_Scheduler|Any CPU.Build.0 = Debug_Scheduler|Any CPU
		{7FBE7809-6F77-415C-ABEB-A3F627E817B0}.Debug_Scheduler|Mixed Platforms.ActiveCfg = Debug_Scheduler|Any CPU
		{7FBE7809-6F77-415C-ABEB-A3F627E817B0}.Debug_Scheduler|Mixed Platforms.Build.0 = Debug_Scheduler|Any CPU
		{7FBE7809-6F77-415C-ABEB-A3F627E817B0}.Debug_Scheduler|x86.ActiveCfg = Debug_Scheduler|Any CPU
		{7FBE7809-6F77-415C-ABEB-A3F627E817B0}.Debug|Any CPU.ActiveCfg = Debug|Any CPU
		{7FBE7809-6F77-415C-ABEB-A3F627E817B0}.Debug|Any CPU.Build.0 = Debug|Any CPU
		{7FBE7809-6F77-415C-ABEB-A3F627E817B0}.Debug|Mixed Platforms.ActiveCfg = Debug|Any CPU
		{7FBE7809-6F77-415C-ABEB-A3F627E817B0}.Debug|Mixed Platforms.Build.0 = Debug|Any CPU
		{7FBE7809-6F77-415C-ABEB-A3F627E817B0}.Debug|x86.ActiveCfg = Debug|Any CPU
		{7FBE7809-6F77-415C-ABEB-A3F627E817B0}.Release|Any CPU.ActiveCfg = Release|Any CPU
		{7FBE7809-6F77-415C-ABEB-A3F627E817B0}.Release|Any CPU.Build.0 = Release|Any CPU
		{7FBE7809-6F77-415C-ABEB-A3F627E817B0}.Release|Mixed Platforms.ActiveCfg = Release|Any CPU
		{7FBE7809-6F77-415C-ABEB-A3F627E817B0}.Release|Mixed Platforms.Build.0 = Release|Any CPU
		{7FBE7809-6F77-415C-ABEB-A3F627E817B0}.Release|x86.ActiveCfg = Release|Any CPU
		{315FB33C-6C57-4A89-ABFB-C083F2015880}.Debug_Events|Any CPU.ActiveCfg = Debug|Any CPU
		{315FB33C-6C57-4A89-ABFB-C083F2015880}.Debug_Events|Any CPU.Build.0 = Debug|Any CPU
		{315FB33C-6C57-4A89-ABFB-C083F2015880}.Debug_Events|Mixed Platforms.ActiveCfg = Debug|Any CPU
		{315FB33C-6C57-4A89-ABFB-C083F2015880}.Debug_Events|Mixed Platforms.Build.0 = Debug|Any CPU
		{315FB33C-6C57-4A89-ABFB-C083F2015880}.Debug_Events|x86.ActiveCfg = Debug|Any CPU
		{315FB33C-6C57-4A89-ABFB-C083F2015880}.Debug_IRC|Any CPU.ActiveCfg = Debug|Any CPU
		{315FB33C-6C57-4A89-ABFB-C083F2015880}.Debug_IRC|Any CPU.Build.0 = Debug|Any CPU
		{315FB33C-6C57-4A89-ABFB-C083F2015880}.Debug_IRC|Mixed Platforms.ActiveCfg = Debug|Any CPU
		{315FB33C-6C57-4A89-ABFB-C083F2015880}.Debug_IRC|Mixed Platforms.Build.0 = Debug|Any CPU
		{315FB33C-6C57-4A89-ABFB-C083F2015880}.Debug_IRC|x86.ActiveCfg = Debug|Any CPU
		{315FB33C-6C57-4A89-ABFB-C083F2015880}.Debug_Scheduler|Any CPU.ActiveCfg = Debug|Any CPU
		{315FB33C-6C57-4A89-ABFB-C083F2015880}.Debug_Scheduler|Any CPU.Build.0 = Debug|Any CPU
		{315FB33C-6C57-4A89-ABFB-C083F2015880}.Debug_Scheduler|Mixed Platforms.ActiveCfg = Debug|Any CPU
		{315FB33C-6C57-4A89-ABFB-C083F2015880}.Debug_Scheduler|Mixed Platforms.Build.0 = Debug|Any CPU
		{315FB33C-6C57-4A89-ABFB-C083F2015880}.Debug_Scheduler|x86.ActiveCfg = Debug|Any CPU
		{315FB33C-6C57-4A89-ABFB-C083F2015880}.Debug|Any CPU.ActiveCfg = Debug|Any CPU
		{315FB33C-6C57-4A89-ABFB-C083F2015880}.Debug|Any CPU.Build.0 = Debug|Any CPU
		{315FB33C-6C57-4A89-ABFB-C083F2015880}.Debug|Mixed Platforms.ActiveCfg = Debug|Any CPU
		{315FB33C-6C57-4A89-ABFB-C083F2015880}.Debug|Mixed Platforms.Build.0 = Debug|Any CPU
		{315FB33C-6C57-4A89-ABFB-C083F2015880}.Debug|x86.ActiveCfg = Debug|Any CPU
		{315FB33C-6C57-4A89-ABFB-C083F2015880}.Release|Any CPU.ActiveCfg = Release|Any CPU
		{315FB33C-6C57-4A89-ABFB-C083F2015880}.Release|Any CPU.Build.0 = Release|Any CPU
		{315FB33C-6C57-4A89-ABFB-C083F2015880}.Release|Mixed Platforms.ActiveCfg = Release|Any CPU
		{315FB33C-6C57-4A89-ABFB-C083F2015880}.Release|Mixed Platforms.Build.0 = Release|Any CPU
		{315FB33C-6C57-4A89-ABFB-C083F2015880}.Release|x86.ActiveCfg = Release|Any CPU
		{E5719EAF-5ECF-4BBD-842B-39DDFBCE8FE7}.Debug_Events|Any CPU.ActiveCfg = Debug|Any CPU
		{E5719EAF-5ECF-4BBD-842B-39DDFBCE8FE7}.Debug_Events|Any CPU.Build.0 = Debug|Any CPU
		{E5719EAF-5ECF-4BBD-842B-39DDFBCE8FE7}.Debug_Events|Mixed Platforms.ActiveCfg = Debug|Any CPU
		{E5719EAF-5ECF-4BBD-842B-39DDFBCE8FE7}.Debug_Events|Mixed Platforms.Build.0 = Debug|Any CPU
		{E5719EAF-5ECF-4BBD-842B-39DDFBCE8FE7}.Debug_Events|x86.ActiveCfg = Debug|Any CPU
		{E5719EAF-5ECF-4BBD-842B-39DDFBCE8FE7}.Debug_IRC|Any CPU.ActiveCfg = Debug|Any CPU
		{E5719EAF-5ECF-4BBD-842B-39DDFBCE8FE7}.Debug_IRC|Any CPU.Build.0 = Debug|Any CPU
		{E5719EAF-5ECF-4BBD-842B-39DDFBCE8FE7}.Debug_IRC|Mixed Platforms.ActiveCfg = Debug|Any CPU
		{E5719EAF-5ECF-4BBD-842B-39DDFBCE8FE7}.Debug_IRC|Mixed Platforms.Build.0 = Debug|Any CPU
		{E5719EAF-5ECF-4BBD-842B-39DDFBCE8FE7}.Debug_IRC|x86.ActiveCfg = Debug|Any CPU
		{E5719EAF-5ECF-4BBD-842B-39DDFBCE8FE7}.Debug_Scheduler|Any CPU.ActiveCfg = Debug|Any CPU
		{E5719EAF-5ECF-4BBD-842B-39DDFBCE8FE7}.Debug_Scheduler|Any CPU.Build.0 = Debug|Any CPU
		{E5719EAF-5ECF-4BBD-842B-39DDFBCE8FE7}.Debug_Scheduler|Mixed Platforms.ActiveCfg = Debug|Any CPU
		{E5719EAF-5ECF-4BBD-842B-39DDFBCE8FE7}.Debug_Scheduler|Mixed Platforms.Build.0 = Debug|Any CPU
		{E5719EAF-5ECF-4BBD-842B-39DDFBCE8FE7}.Debug_Scheduler|x86.ActiveCfg = Debug|Any CPU
		{E5719EAF-5ECF-4BBD-842B-39DDFBCE8FE7}.Debug|Any CPU.ActiveCfg = Debug|Any CPU
		{E5719EAF-5ECF-4BBD-842B-39DDFBCE8FE7}.Debug|Any CPU.Build.0 = Debug|Any CPU
		{E5719EAF-5ECF-4BBD-842B-39DDFBCE8FE7}.Debug|Mixed Platforms.ActiveCfg = Debug|Any CPU
		{E5719EAF-5ECF-4BBD-842B-39DDFBCE8FE7}.Debug|Mixed Platforms.Build.0 = Debug|Any CPU
		{E5719EAF-5ECF-4BBD-842B-39DDFBCE8FE7}.Debug|x86.ActiveCfg = Debug|Any CPU
		{E5719EAF-5ECF-4BBD-842B-39DDFBCE8FE7}.Release|Any CPU.ActiveCfg = Release|Any CPU
		{E5719EAF-5ECF-4BBD-842B-39DDFBCE8FE7}.Release|Any CPU.Build.0 = Release|Any CPU
		{E5719EAF-5ECF-4BBD-842B-39DDFBCE8FE7}.Release|Mixed Platforms.ActiveCfg = Release|Any CPU
		{E5719EAF-5ECF-4BBD-842B-39DDFBCE8FE7}.Release|Mixed Platforms.Build.0 = Release|Any CPU
		{E5719EAF-5ECF-4BBD-842B-39DDFBCE8FE7}.Release|x86.ActiveCfg = Release|Any CPU
		{00043365-F6E0-4F6C-90C3-15B0674A9A39}.Debug_Events|Any CPU.ActiveCfg = Debug|Any CPU
		{00043365-F6E0-4F6C-90C3-15B0674A9A39}.Debug_Events|Any CPU.Build.0 = Debug|Any CPU
		{00043365-F6E0-4F6C-90C3-15B0674A9A39}.Debug_Events|Mixed Platforms.ActiveCfg = Debug|Any CPU
		{00043365-F6E0-4F6C-90C3-15B0674A9A39}.Debug_Events|Mixed Platforms.Build.0 = Debug|Any CPU
		{00043365-F6E0-4F6C-90C3-15B0674A9A39}.Debug_Events|x86.ActiveCfg = Debug|Any CPU
		{00043365-F6E0-4F6C-90C3-15B0674A9A39}.Debug_IRC|Any CPU.ActiveCfg = Debug|Any CPU
		{00043365-F6E0-4F6C-90C3-15B0674A9A39}.Debug_IRC|Any CPU.Build.0 = Debug|Any CPU
		{00043365-F6E0-4F6C-90C3-15B0674A9A39}.Debug_IRC|Mixed Platforms.ActiveCfg = Debug|Any CPU
		{00043365-F6E0-4F6C-90C3-15B0674A9A39}.Debug_IRC|Mixed Platforms.Build.0 = Debug|Any CPU
		{00043365-F6E0-4F6C-90C3-15B0674A9A39}.Debug_IRC|x86.ActiveCfg = Debug|Any CPU
		{00043365-F6E0-4F6C-90C3-15B0674A9A39}.Debug_Scheduler|Any CPU.ActiveCfg = Debug|Any CPU
		{00043365-F6E0-4F6C-90C3-15B0674A9A39}.Debug_Scheduler|Any CPU.Build.0 = Debug|Any CPU
		{00043365-F6E0-4F6C-90C3-15B0674A9A39}.Debug_Scheduler|Mixed Platforms.ActiveCfg = Debug|Any CPU
		{00043365-F6E0-4F6C-90C3-15B0674A9A39}.Debug_Scheduler|Mixed Platforms.Build.0 = Debug|Any CPU
		{00043365-F6E0-4F6C-90C3-15B0674A9A39}.Debug_Scheduler|x86.ActiveCfg = Debug|Any CPU
		{00043365-F6E0-4F6C-90C3-15B0674A9A39}.Debug|Any CPU.ActiveCfg = Debug|Any CPU
		{00043365-F6E0-4F6C-90C3-15B0674A9A39}.Debug|Any CPU.Build.0 = Debug|Any CPU
		{00043365-F6E0-4F6C-90C3-15B0674A9A39}.Debug|Mixed Platforms.ActiveCfg = Debug|Any CPU
		{00043365-F6E0-4F6C-90C3-15B0674A9A39}.Debug|Mixed Platforms.Build.0 = Debug|Any CPU
		{00043365-F6E0-4F6C-90C3-15B0674A9A39}.Debug|x86.ActiveCfg = Debug|Any CPU
		{00043365-F6E0-4F6C-90C3-15B0674A9A39}.Release|Any CPU.ActiveCfg = Release|Any CPU
		{00043365-F6E0-4F6C-90C3-15B0674A9A39}.Release|Any CPU.Build.0 = Release|Any CPU
		{00043365-F6E0-4F6C-90C3-15B0674A9A39}.Release|Mixed Platforms.ActiveCfg = Release|Any CPU
		{00043365-F6E0-4F6C-90C3-15B0674A9A39}.Release|Mixed Platforms.Build.0 = Release|Any CPU
		{00043365-F6E0-4F6C-90C3-15B0674A9A39}.Release|x86.ActiveCfg = Release|Any CPU
		{1A6CE637-BBAD-4DB5-B19B-59625D632E44}.Debug_Events|Any CPU.ActiveCfg = Debug|x86
		{1A6CE637-BBAD-4DB5-B19B-59625D632E44}.Debug_Events|Mixed Platforms.ActiveCfg = Debug|x86
		{1A6CE637-BBAD-4DB5-B19B-59625D632E44}.Debug_Events|Mixed Platforms.Build.0 = Debug|x86
		{1A6CE637-BBAD-4DB5-B19B-59625D632E44}.Debug_Events|x86.ActiveCfg = Debug|x86
		{1A6CE637-BBAD-4DB5-B19B-59625D632E44}.Debug_Events|x86.Build.0 = Debug|x86
		{1A6CE637-BBAD-4DB5-B19B-59625D632E44}.Debug_IRC|Any CPU.ActiveCfg = Debug|x86
		{1A6CE637-BBAD-4DB5-B19B-59625D632E44}.Debug_IRC|Mixed Platforms.ActiveCfg = Debug|x86
		{1A6CE637-BBAD-4DB5-B19B-59625D632E44}.Debug_IRC|Mixed Platforms.Build.0 = Debug|x86
		{1A6CE637-BBAD-4DB5-B19B-59625D632E44}.Debug_IRC|x86.ActiveCfg = Debug|x86
		{1A6CE637-BBAD-4DB5-B19B-59625D632E44}.Debug_IRC|x86.Build.0 = Debug|x86
		{1A6CE637-BBAD-4DB5-B19B-59625D632E44}.Debug_Scheduler|Any CPU.ActiveCfg = Debug|x86
		{1A6CE637-BBAD-4DB5-B19B-59625D632E44}.Debug_Scheduler|Mixed Platforms.ActiveCfg = Debug|x86
		{1A6CE637-BBAD-4DB5-B19B-59625D632E44}.Debug_Scheduler|Mixed Platforms.Build.0 = Debug|x86
		{1A6CE637-BBAD-4DB5-B19B-59625D632E44}.Debug_Scheduler|x86.ActiveCfg = Debug|x86
		{1A6CE637-BBAD-4DB5-B19B-59625D632E44}.Debug_Scheduler|x86.Build.0 = Debug|x86
		{1A6CE637-BBAD-4DB5-B19B-59625D632E44}.Debug|Any CPU.ActiveCfg = Debug|x86
		{1A6CE637-BBAD-4DB5-B19B-59625D632E44}.Debug|Mixed Platforms.ActiveCfg = Debug|x86
		{1A6CE637-BBAD-4DB5-B19B-59625D632E44}.Debug|Mixed Platforms.Build.0 = Debug|x86
		{1A6CE637-BBAD-4DB5-B19B-59625D632E44}.Debug|x86.ActiveCfg = Debug|x86
		{1A6CE637-BBAD-4DB5-B19B-59625D632E44}.Debug|x86.Build.0 = Debug|x86
		{1A6CE637-BBAD-4DB5-B19B-59625D632E44}.Release|Any CPU.ActiveCfg = Release|x86
		{1A6CE637-BBAD-4DB5-B19B-59625D632E44}.Release|Mixed Platforms.ActiveCfg = Release|x86
		{1A6CE637-BBAD-4DB5-B19B-59625D632E44}.Release|Mixed Platforms.Build.0 = Release|x86
		{1A6CE637-BBAD-4DB5-B19B-59625D632E44}.Release|x86.ActiveCfg = Release|x86
		{1A6CE637-BBAD-4DB5-B19B-59625D632E44}.Release|x86.Build.0 = Release|x86
		{5C965DF9-0B6E-42CE-B377-61AB92A5FF5B}.Debug_Events|Any CPU.ActiveCfg = Debug|Any CPU
		{5C965DF9-0B6E-42CE-B377-61AB92A5FF5B}.Debug_Events|Any CPU.Build.0 = Debug|Any CPU
		{5C965DF9-0B6E-42CE-B377-61AB92A5FF5B}.Debug_Events|Any CPU.Deploy.0 = Debug|Any CPU
		{5C965DF9-0B6E-42CE-B377-61AB92A5FF5B}.Debug_Events|Mixed Platforms.ActiveCfg = Debug|Any CPU
		{5C965DF9-0B6E-42CE-B377-61AB92A5FF5B}.Debug_Events|Mixed Platforms.Build.0 = Debug|Any CPU
		{5C965DF9-0B6E-42CE-B377-61AB92A5FF5B}.Debug_Events|Mixed Platforms.Deploy.0 = Debug|Any CPU
		{5C965DF9-0B6E-42CE-B377-61AB92A5FF5B}.Debug_Events|x86.ActiveCfg = Debug|Any CPU
		{5C965DF9-0B6E-42CE-B377-61AB92A5FF5B}.Debug_Events|x86.Build.0 = Debug|Any CPU
		{5C965DF9-0B6E-42CE-B377-61AB92A5FF5B}.Debug_Events|x86.Deploy.0 = Debug|Any CPU
		{5C965DF9-0B6E-42CE-B377-61AB92A5FF5B}.Debug_IRC|Any CPU.ActiveCfg = Debug|Any CPU
		{5C965DF9-0B6E-42CE-B377-61AB92A5FF5B}.Debug_IRC|Any CPU.Build.0 = Debug|Any CPU
		{5C965DF9-0B6E-42CE-B377-61AB92A5FF5B}.Debug_IRC|Any CPU.Deploy.0 = Debug|Any CPU
		{5C965DF9-0B6E-42CE-B377-61AB92A5FF5B}.Debug_IRC|Mixed Platforms.ActiveCfg = Debug|Any CPU
		{5C965DF9-0B6E-42CE-B377-61AB92A5FF5B}.Debug_IRC|Mixed Platforms.Build.0 = Debug|Any CPU
		{5C965DF9-0B6E-42CE-B377-61AB92A5FF5B}.Debug_IRC|Mixed Platforms.Deploy.0 = Debug|Any CPU
		{5C965DF9-0B6E-42CE-B377-61AB92A5FF5B}.Debug_IRC|x86.ActiveCfg = Debug|Any CPU
		{5C965DF9-0B6E-42CE-B377-61AB92A5FF5B}.Debug_IRC|x86.Build.0 = Debug|Any CPU
		{5C965DF9-0B6E-42CE-B377-61AB92A5FF5B}.Debug_IRC|x86.Deploy.0 = Debug|Any CPU
		{5C965DF9-0B6E-42CE-B377-61AB92A5FF5B}.Debug_Scheduler|Any CPU.ActiveCfg = Debug|Any CPU
		{5C965DF9-0B6E-42CE-B377-61AB92A5FF5B}.Debug_Scheduler|Any CPU.Build.0 = Debug|Any CPU
		{5C965DF9-0B6E-42CE-B377-61AB92A5FF5B}.Debug_Scheduler|Any CPU.Deploy.0 = Debug|Any CPU
		{5C965DF9-0B6E-42CE-B377-61AB92A5FF5B}.Debug_Scheduler|Mixed Platforms.ActiveCfg = Debug|Any CPU
		{5C965DF9-0B6E-42CE-B377-61AB92A5FF5B}.Debug_Scheduler|Mixed Platforms.Build.0 = Debug|Any CPU
		{5C965DF9-0B6E-42CE-B377-61AB92A5FF5B}.Debug_Scheduler|Mixed Platforms.Deploy.0 = Debug|Any CPU
		{5C965DF9-0B6E-42CE-B377-61AB92A5FF5B}.Debug_Scheduler|x86.ActiveCfg = Debug|Any CPU
		{5C965DF9-0B6E-42CE-B377-61AB92A5FF5B}.Debug_Scheduler|x86.Build.0 = Debug|Any CPU
		{5C965DF9-0B6E-42CE-B377-61AB92A5FF5B}.Debug_Scheduler|x86.Deploy.0 = Debug|Any CPU
		{5C965DF9-0B6E-42CE-B377-61AB92A5FF5B}.Debug|Any CPU.ActiveCfg = Debug|Any CPU
		{5C965DF9-0B6E-42CE-B377-61AB92A5FF5B}.Debug|Any CPU.Build.0 = Debug|Any CPU
		{5C965DF9-0B6E-42CE-B377-61AB92A5FF5B}.Debug|Any CPU.Deploy.0 = Debug|Any CPU
		{5C965DF9-0B6E-42CE-B377-61AB92A5FF5B}.Debug|Mixed Platforms.ActiveCfg = Debug|Any CPU
		{5C965DF9-0B6E-42CE-B377-61AB92A5FF5B}.Debug|Mixed Platforms.Build.0 = Debug|Any CPU
		{5C965DF9-0B6E-42CE-B377-61AB92A5FF5B}.Debug|Mixed Platforms.Deploy.0 = Debug|Any CPU
		{5C965DF9-0B6E-42CE-B377-61AB92A5FF5B}.Debug|x86.ActiveCfg = Debug|Any CPU
		{5C965DF9-0B6E-42CE-B377-61AB92A5FF5B}.Debug|x86.Build.0 = Debug|Any CPU
		{5C965DF9-0B6E-42CE-B377-61AB92A5FF5B}.Debug|x86.Deploy.0 = Debug|Any CPU
		{5C965DF9-0B6E-42CE-B377-61AB92A5FF5B}.Release|Any CPU.ActiveCfg = Release|Any CPU
		{5C965DF9-0B6E-42CE-B377-61AB92A5FF5B}.Release|Any CPU.Build.0 = Release|Any CPU
		{5C965DF9-0B6E-42CE-B377-61AB92A5FF5B}.Release|Any CPU.Deploy.0 = Release|Any CPU
		{5C965DF9-0B6E-42CE-B377-61AB92A5FF5B}.Release|Mixed Platforms.ActiveCfg = Release|Any CPU
		{5C965DF9-0B6E-42CE-B377-61AB92A5FF5B}.Release|Mixed Platforms.Build.0 = Release|Any CPU
		{5C965DF9-0B6E-42CE-B377-61AB92A5FF5B}.Release|Mixed Platforms.Deploy.0 = Release|Any CPU
		{5C965DF9-0B6E-42CE-B377-61AB92A5FF5B}.Release|x86.ActiveCfg = Release|Any CPU
		{5C965DF9-0B6E-42CE-B377-61AB92A5FF5B}.Release|x86.Build.0 = Release|Any CPU
		{5C965DF9-0B6E-42CE-B377-61AB92A5FF5B}.Release|x86.Deploy.0 = Release|Any CPU
		{FF4C22B2-EFB4-4C92-9608-6F24E8220D1E}.Debug_Events|Any CPU.ActiveCfg = Debug|Any CPU
		{FF4C22B2-EFB4-4C92-9608-6F24E8220D1E}.Debug_Events|Any CPU.Build.0 = Debug|Any CPU
		{FF4C22B2-EFB4-4C92-9608-6F24E8220D1E}.Debug_Events|Mixed Platforms.ActiveCfg = Debug|Any CPU
		{FF4C22B2-EFB4-4C92-9608-6F24E8220D1E}.Debug_Events|Mixed Platforms.Build.0 = Debug|Any CPU
		{FF4C22B2-EFB4-4C92-9608-6F24E8220D1E}.Debug_Events|x86.ActiveCfg = Debug|Any CPU
		{FF4C22B2-EFB4-4C92-9608-6F24E8220D1E}.Debug_Events|x86.Build.0 = Debug|Any CPU
		{FF4C22B2-EFB4-4C92-9608-6F24E8220D1E}.Debug_IRC|Any CPU.ActiveCfg = Debug|Any CPU
		{FF4C22B2-EFB4-4C92-9608-6F24E8220D1E}.Debug_IRC|Any CPU.Build.0 = Debug|Any CPU
		{FF4C22B2-EFB4-4C92-9608-6F24E8220D1E}.Debug_IRC|Mixed Platforms.ActiveCfg = Debug|Any CPU
		{FF4C22B2-EFB4-4C92-9608-6F24E8220D1E}.Debug_IRC|Mixed Platforms.Build.0 = Debug|Any CPU
		{FF4C22B2-EFB4-4C92-9608-6F24E8220D1E}.Debug_IRC|x86.ActiveCfg = Debug|Any CPU
		{FF4C22B2-EFB4-4C92-9608-6F24E8220D1E}.Debug_IRC|x86.Build.0 = Debug|Any CPU
		{FF4C22B2-EFB4-4C92-9608-6F24E8220D1E}.Debug_Scheduler|Any CPU.ActiveCfg = Debug|Any CPU
		{FF4C22B2-EFB4-4C92-9608-6F24E8220D1E}.Debug_Scheduler|Any CPU.Build.0 = Debug|Any CPU
		{FF4C22B2-EFB4-4C92-9608-6F24E8220D1E}.Debug_Scheduler|Mixed Platforms.ActiveCfg = Debug|Any CPU
		{FF4C22B2-EFB4-4C92-9608-6F24E8220D1E}.Debug_Scheduler|Mixed Platforms.Build.0 = Debug|Any CPU
		{FF4C22B2-EFB4-4C92-9608-6F24E8220D1E}.Debug_Scheduler|x86.ActiveCfg = Debug|Any CPU
		{FF4C22B2-EFB4-4C92-9608-6F24E8220D1E}.Debug_Scheduler|x86.Build.0 = Debug|Any CPU
		{FF4C22B2-EFB4-4C92-9608-6F24E8220D1E}.Debug|Any CPU.ActiveCfg = Debug|Any CPU
		{FF4C22B2-EFB4-4C92-9608-6F24E8220D1E}.Debug|Any CPU.Build.0 = Debug|Any CPU
		{FF4C22B2-EFB4-4C92-9608-6F24E8220D1E}.Debug|Mixed Platforms.ActiveCfg = Debug|Any CPU
		{FF4C22B2-EFB4-4C92-9608-6F24E8220D1E}.Debug|Mixed Platforms.Build.0 = Debug|Any CPU
		{FF4C22B2-EFB4-4C92-9608-6F24E8220D1E}.Debug|x86.ActiveCfg = Debug|Any CPU
		{FF4C22B2-EFB4-4C92-9608-6F24E8220D1E}.Debug|x86.Build.0 = Debug|Any CPU
		{FF4C22B2-EFB4-4C92-9608-6F24E8220D1E}.Release|Any CPU.ActiveCfg = Release|Any CPU
		{FF4C22B2-EFB4-4C92-9608-6F24E8220D1E}.Release|Any CPU.Build.0 = Release|Any CPU
		{FF4C22B2-EFB4-4C92-9608-6F24E8220D1E}.Release|Mixed Platforms.ActiveCfg = Release|Any CPU
		{FF4C22B2-EFB4-4C92-9608-6F24E8220D1E}.Release|Mixed Platforms.Build.0 = Release|Any CPU
		{FF4C22B2-EFB4-4C92-9608-6F24E8220D1E}.Release|x86.ActiveCfg = Release|Any CPU
		{FF4C22B2-EFB4-4C92-9608-6F24E8220D1E}.Release|x86.Build.0 = Release|Any CPU
	EndGlobalSection
	GlobalSection(SolutionProperties) = preSolution
		HideSolutionNode = FALSE
	EndGlobalSection
EndGlobal
